
Microsoft Visual Studio Solution File, Format Version 12.00
# Visual Studio Version 17
VisualStudioVersion = 17.7.34031.279
MinimumVisualStudioVersion = 10.0.40219.1
Project("{FAE04EC0-301F-11D3-BF4B-00C04F79EFBC}") = "TemperatureComparison", "TemperatureComparison.csproj", "{7D839E95-3976-49C6-9637-33B9317F9636}"
EndProject
Global
	GlobalSection(SolutionConfigurationPlatforms) = preSolution
		Debug|Any CPU = Debug|Any CPU
		Release|Any CPU = Release|Any CPU
	EndGlobalSection
	GlobalSection(ProjectConfigurationPlatforms) = postSolution
		{7D839E95-3976-49C6-9637-33B9317F9636}.Debug|Any CPU.ActiveCfg = Debug|Any CPU
		{7D839E95-3976-49C6-9637-33B9317F9636}.Debug|Any CPU.Build.0 = Debug|Any CPU
		{7D839E95-3976-49C6-9637-33B9317F9636}.Release|Any CPU.ActiveCfg = Release|Any CPU
		{7D839E95-3976-49C6-9637-33B9317F9636}.Release|Any CPU.Build.0 = Release|Any CPU
	EndGlobalSection
	GlobalSection(SolutionProperties) = preSolution
		HideSolutionNode = FALSE
	EndGlobalSection
	GlobalSection(ExtensibilityGlobals) = postSolution
		SolutionGuid = {99485F06-BFE5-4E05-97BE-3D589A5EA433}
	EndGlobalSection
EndGlobal
